<?xml version="1.0" encoding="UTF-8" standalone="yes" ?>
<CodeBlocks_project_file>
	<FileVersion major="1" minor="6" />
	<Project>
		<Option title="wx_passwordmanager" />
		<Option pch_mode="0" />
		<Option compiler="gcc" />
		<Build>
			<Target title="Debug">
				<Option output="bin/Debug/wx_passwordmanager" prefix_auto="1" extension_auto="1" />
				<Option object_output="obj/Debug/" />
				<Option type="0" />
				<Option compiler="gcc" />
				<Option projectLinkerOptionsRelation="2" />
				<Compiler>
					<Add option="-g" />
				</Compiler>
			</Target>
			<Target title="Release">
				<Option output="bin/Release/wx_passwordmanager" prefix_auto="1" extension_auto="1" />
				<Option object_output="obj/Release/" />
				<Option type="0" />
				<Option compiler="gcc" />
				<Option projectLinkerOptionsRelation="2" />
				<Compiler>
					<Add option="-O2" />
				</Compiler>
				<Linker>
					<Add option="-s" />
				</Linker>
			</Target>
		</Build>
		<Compiler>
			<Add option="`wx-config --cflags`" />
			<Add option="-Winvalid-pch" />
			<Add option="-include wx_pch.h" />
			<Add option="-DWX_PRECOMP" />
			<Add option="-Wall" />
		</Compiler>
		<Linker>
			<Add option="`wx-config --libs`" />
		</Linker>
		<Unit filename="passwordManager.cpp" />
		<Unit filename="passwordManager.hpp" />
		<Unit filename="wx_createPasswordDialog.cpp" />
		<Unit filename="wx_createPasswordDialog.h" />
		<Unit filename="wx_deletePasswordDialog.cpp" />
		<Unit filename="wx_deletePasswordDialog.h" />
		<Unit filename="wx_editPasswordDialog.cpp" />
		<Unit filename="wx_editPasswordDialog.h" />
		<Unit filename="wx_passwordSettingsDialog.cpp" />
		<Unit filename="wx_passwordSettingsDialog.h" />
		<Unit filename="wx_passwordlistFrame.cpp" />
		<Unit filename="wx_passwordlistFrame.h" />
		<Unit filename="wx_passwordmanagerApp.cpp" />
		<Unit filename="wx_passwordmanagerApp.h" />
		<Unit filename="wx_passwordmanagerMain.cpp" />
		<Unit filename="wx_passwordmanagerMain.h" />
		<Unit filename="wx_pch.h">
			<Option compile="1" />
			<Option weight="0" />
		</Unit>
		<Unit filename="wx_showPasswordDialog.cpp" />
		<Unit filename="wx_showPasswordDialog.h" />
		<Unit filename="wxsmith/wx_createPasswordDialog.wxs" />
		<Unit filename="wxsmith/wx_deletePasswordDialog.wxs" />
		<Unit filename="wxsmith/wx_editPasswordDialog.wxs" />
		<Unit filename="wxsmith/wx_passwordSettingsDialog.wxs" />
		<Unit filename="wxsmith/wx_passwordlistFrame.wxs" />
		<Unit filename="wxsmith/wx_passwordmanagerframe.wxs" />
		<Unit filename="wxsmith/wx_showPasswordDialog1.wxs" />
		<Extensions>
			<wxsmith version="1">
				<gui name="wxWidgets" src="wx_passwordmanagerApp.cpp" main="wx_passwordmanagerFrame" init_handlers="necessary" language="CPP" />
				<resources>
					<wxFrame wxs="wxsmith/wx_passwordmanagerframe.wxs" src="wx_passwordmanagerMain.cpp" hdr="wx_passwordmanagerMain.h" fwddecl="0" i18n="1" name="wx_passwordmanagerFrame" language="CPP" />
					<wxFrame wxs="wxsmith/wx_passwordlistFrame.wxs" src="wx_passwordlistFrame.cpp" hdr="wx_passwordlistFrame.h" fwddecl="0" i18n="1" name="wx_passwordlistFrame" language="CPP" />
					<wxDialog wxs="wxsmith/wx_createPasswordDialog.wxs" src="wx_createPasswordDialog.cpp" hdr="wx_createPasswordDialog.h" fwddecl="0" i18n="1" name="wx_createPasswordDialog" language="CPP" />
					<wxDialog wxs="wxsmith/wx_editPasswordDialog.wxs" src="wx_editPasswordDialog.cpp" hdr="wx_editPasswordDialog.h" fwddecl="0" i18n="1" name="wx_editPasswordDialog" language="CPP" />
					<wxDialog wxs="wxsmith/wx_showPasswordDialog1.wxs" src="wx_showPasswordDialog.cpp" hdr="wx_showPasswordDialog.h" fwddecl="0" i18n="1" name="wx_showPasswordDialog" language="CPP" />
					<wxDialog wxs="wxsmith/wx_deletePasswordDialog.wxs" src="wx_deletePasswordDialog.cpp" hdr="wx_deletePasswordDialog.h" fwddecl="0" i18n="1" name="wx_deletePasswordDialog" language="CPP" />
					<wxDialog wxs="wxsmith/wx_passwordSettingsDialog.wxs" src="wx_passwordSettingsDialog.cpp" hdr="wx_passwordSettingsDialog.h" fwddecl="0" i18n="1" name="wx_passwordSettingsDialog" language="CPP" />
				</resources>
			</wxsmith>
		</Extensions>
	</Project>
</CodeBlocks_project_file>
